// !$*UTF8*$!
{
	archiveVersion = 1;
	classes = {
	};
	objectVersion = 50;
	objects = {

/* Begin PBXBuildFile section */
		1113EFE42351648400FE503B /* AppDelegate.swift in Sources */ = {isa = PBXBuildFile; fileRef = 1113EFE32351648400FE503B /* AppDelegate.swift */; };
		1113EFE62351648400FE503B /* SceneDelegate.swift in Sources */ = {isa = PBXBuildFile; fileRef = 1113EFE52351648400FE503B /* SceneDelegate.swift */; };
		1113EFE82351648400FE503B /* ViewController.swift in Sources */ = {isa = PBXBuildFile; fileRef = 1113EFE72351648400FE503B /* ViewController.swift */; };
		1113EFEB2351648400FE503B /* Main.storyboard in Resources */ = {isa = PBXBuildFile; fileRef = 1113EFE92351648400FE503B /* Main.storyboard */; };
		1113EFED2351648700FE503B /* Assets.xcassets in Resources */ = {isa = PBXBuildFile; fileRef = 1113EFEC2351648700FE503B /* Assets.xcassets */; };
		1113EFF02351648700FE503B /* LaunchScreen.storyboard in Resources */ = {isa = PBXBuildFile; fileRef = 1113EFEE2351648700FE503B /* LaunchScreen.storyboard */; };
		1113EFFB2351648700FE503B /* KMPAppTests.swift in Sources */ = {isa = PBXBuildFile; fileRef = 1113EFFA2351648700FE503B /* KMPAppTests.swift */; };
		1113F0062351648700FE503B /* KMPAppUITests.swift in Sources */ = {isa = PBXBuildFile; fileRef = 1113F0052351648700FE503B /* KMPAppUITests.swift */; };
		1113F018235165C000FE503B /* Shared.framework in Frameworks */ = {isa = PBXBuildFile; fileRef = 1113F0142351659E00FE503B /* Shared.framework */; };
		1113F019235165C000FE503B /* Shared.framework in Embed Frameworks */ = {isa = PBXBuildFile; fileRef = 1113F0142351659E00FE503B /* Shared.framework */; settings = {ATTRIBUTES = (CodeSignOnCopy, RemoveHeadersOnCopy, ); }; };
		117FE1A223529E2000B014D3 /* MemberList.swift in Sources */ = {isa = PBXBuildFile; fileRef = 117FE1A123529E2000B014D3 /* MemberList.swift */; };
		117FE1A423529FFF00B014D3 /* MemberTableViewCell.swift in Sources */ = {isa = PBXBuildFile; fileRef = 117FE1A323529FFF00B014D3 /* MemberTableViewCell.swift */; };
		117FE1A62352A03100B014D3 /* MemberTableViewCell.xib in Resources */ = {isa = PBXBuildFile; fileRef = 117FE1A52352A03100B014D3 /* MemberTableViewCell.xib */; };
/* End PBXBuildFile section */

/* Begin PBXContainerItemProxy section */
		1113EFF72351648700FE503B /* PBXContainerItemProxy */ = {
			isa = PBXContainerItemProxy;
			containerPortal = 1113EFD82351648400FE503B /* Project object */;
			proxyType = 1;
			remoteGlobalIDString = 1113EFDF2351648400FE503B;
			remoteInfo = KMPApp;
		};
		1113F0022351648700FE503B /* PBXContainerItemProxy */ = {
			isa = PBXContainerItemProxy;
			containerPortal = 1113EFD82351648400FE503B /* Project object */;
			proxyType = 1;
			remoteGlobalIDString = 1113EFDF2351648400FE503B;
			remoteInfo = KMPApp;
		};
/* End PBXContainerItemProxy section */

/* Begin PBXCopyFilesBuildPhase section */
		1113F01A235165C000FE503B /* Embed Frameworks */ = {
			isa = PBXCopyFilesBuildPhase;
			buildActionMask = 2147483647;
			dstPath = "";
			dstSubfolderSpec = 10;
			files = (
				1113F019235165C000FE503B /* Shared.framework in Embed Frameworks */,
			);
			name = "Embed Frameworks";
			runOnlyForDeploymentPostprocessing = 0;
		};
/* End PBXCopyFilesBuildPhase section */

/* Begin PBXFileReference section */
		1113EFE02351648400FE503B /* KMPApp.app */ = {isa = PBXFileReference; explicitFileType = wrapper.application; includeInIndex = 0; path = KMPApp.app; sourceTree = BUILT_PRODUCTS_DIR; };
		1113EFE32351648400FE503B /* AppDelegate.swift */ = {isa = PBXFileReference; lastKnownFileType = sourcecode.swift; path = AppDelegate.swift; sourceTree = "<group>"; };
		1113EFE52351648400FE503B /* SceneDelegate.swift */ = {isa = PBXFileReference; lastKnownFileType = sourcecode.swift; path = SceneDelegate.swift; sourceTree = "<group>"; };
		1113EFE72351648400FE503B /* ViewController.swift */ = {isa = PBXFileReference; lastKnownFileType = sourcecode.swift; path = ViewController.swift; sourceTree = "<group>"; };
		1113EFEA2351648400FE503B /* Base */ = {isa = PBXFileReference; lastKnownFileType = file.storyboard; name = Base; path = Base.lproj/Main.storyboard; sourceTree = "<group>"; };
		1113EFEC2351648700FE503B /* Assets.xcassets */ = {isa = PBXFileReference; lastKnownFileType = folder.assetcatalog; path = Assets.xcassets; sourceTree = "<group>"; };
		1113EFEF2351648700FE503B /* Base */ = {isa = PBXFileReference; lastKnownFileType = file.storyboard; name = Base; path = Base.lproj/LaunchScreen.storyboard; sourceTree = "<group>"; };
		1113EFF12351648700FE503B /* Info.plist */ = {isa = PBXFileReference; lastKnownFileType = text.plist.xml; path = Info.plist; sourceTree = "<group>"; };
		1113EFF62351648700FE503B /* KMPAppTests.xctest */ = {isa = PBXFileReference; explicitFileType = wrapper.cfbundle; includeInIndex = 0; path = KMPAppTests.xctest; sourceTree = BUILT_PRODUCTS_DIR; };
		1113EFFA2351648700FE503B /* KMPAppTests.swift */ = {isa = PBXFileReference; lastKnownFileType = sourcecode.swift; path = KMPAppTests.swift; sourceTree = "<group>"; };
		1113EFFC2351648700FE503B /* Info.plist */ = {isa = PBXFileReference; lastKnownFileType = text.plist.xml; path = Info.plist; sourceTree = "<group>"; };
		1113F0012351648700FE503B /* KMPAppUITests.xctest */ = {isa = PBXFileReference; explicitFileType = wrapper.cfbundle; includeInIndex = 0; path = KMPAppUITests.xctest; sourceTree = BUILT_PRODUCTS_DIR; };
		1113F0052351648700FE503B /* KMPAppUITests.swift */ = {isa = PBXFileReference; lastKnownFileType = sourcecode.swift; path = KMPAppUITests.swift; sourceTree = "<group>"; };
		1113F0072351648700FE503B /* Info.plist */ = {isa = PBXFileReference; lastKnownFileType = text.plist.xml; path = Info.plist; sourceTree = "<group>"; };
		1113F0142351659E00FE503B /* Shared.framework */ = {isa = PBXFileReference; lastKnownFileType = wrapper.framework; name = Shared.framework; path = "../../shared/build/xcode-frameworks/Shared.framework"; sourceTree = "<group>"; };
		117FE1A123529E2000B014D3 /* MemberList.swift */ = {isa = PBXFileReference; lastKnownFileType = sourcecode.swift; path = MemberList.swift; sourceTree = "<group>"; };
		117FE1A323529FFF00B014D3 /* MemberTableViewCell.swift */ = {isa = PBXFileReference; lastKnownFileType = sourcecode.swift; path = MemberTableViewCell.swift; sourceTree = "<group>"; };
		117FE1A52352A03100B014D3 /* MemberTableViewCell.xib */ = {isa = PBXFileReference; lastKnownFileType = file.xib; path = MemberTableViewCell.xib; sourceTree = "<group>"; };
/* End PBXFileReference section */

/* Begin PBXFrameworksBuildPhase section */
		1113EFDD2351648400FE503B /* Frameworks */ = {
			isa = PBXFrameworksBuildPhase;
			buildActionMask = 2147483647;
			files = (
				1113F018235165C000FE503B /* Shared.framework in Frameworks */,
			);
			runOnlyForDeploymentPostprocessing = 0;
		};
		1113EFF32351648700FE503B /* Frameworks */ = {
			isa = PBXFrameworksBuildPhase;
			buildActionMask = 2147483647;
			files = (
			);
			runOnlyForDeploymentPostprocessing = 0;
		};
		1113EFFE2351648700FE503B /* Frameworks */ = {
			isa = PBXFrameworksBuildPhase;
			buildActionMask = 2147483647;
			files = (
			);
			runOnlyForDeploymentPostprocessing = 0;
		};
/* End PBXFrameworksBuildPhase section */

/* Begin PBXGroup section */
		1113EFD72351648400FE503B = {
			isa = PBXGroup;
			children = (
				1113EFE22351648400FE503B /* KMPApp */,
				1113EFF92351648700FE503B /* KMPAppTests */,
				1113F0042351648700FE503B /* KMPAppUITests */,
				1113EFE12351648400FE503B /* Products */,
				1113F0132351659D00FE503B /* Frameworks */,
			);
			sourceTree = "<group>";
		};
		1113EFE12351648400FE503B /* Products */ = {
			isa = PBXGroup;
			children = (
				1113EFE02351648400FE503B /* KMPApp.app */,
				1113EFF62351648700FE503B /* KMPAppTests.xctest */,
				1113F0012351648700FE503B /* KMPAppUITests.xctest */,
			);
			name = Products;
			sourceTree = "<group>";
		};
		1113EFE22351648400FE503B /* KMPApp */ = {
			isa = PBXGroup;
			children = (
				1113EFE32351648400FE503B /* AppDelegate.swift */,
				1113EFEC2351648700FE503B /* Assets.xcassets */,
				1113EFF12351648700FE503B /* Info.plist */,
				1113EFEE2351648700FE503B /* LaunchScreen.storyboard */,
				1113EFE92351648400FE503B /* Main.storyboard */,
				117FE1A123529E2000B014D3 /* MemberList.swift */,
				117FE1A323529FFF00B014D3 /* MemberTableViewCell.swift */,
				117FE1A52352A03100B014D3 /* MemberTableViewCell.xib */,
				1113EFE52351648400FE503B /* SceneDelegate.swift */,
				1113EFE72351648400FE503B /* ViewController.swift */,
			);
			path = KMPApp;
			sourceTree = "<group>";
		};
		1113EFF92351648700FE503B /* KMPAppTests */ = {
			isa = PBXGroup;
			children = (
				1113EFFA2351648700FE503B /* KMPAppTests.swift */,
				1113EFFC2351648700FE503B /* Info.plist */,
			);
			path = KMPAppTests;
			sourceTree = "<group>";
		};
		1113F0042351648700FE503B /* KMPAppUITests */ = {
			isa = PBXGroup;
			children = (
				1113F0052351648700FE503B /* KMPAppUITests.swift */,
				1113F0072351648700FE503B /* Info.plist */,
			);
			path = KMPAppUITests;
			sourceTree = "<group>";
		};
		1113F0132351659D00FE503B /* Frameworks */ = {
			isa = PBXGroup;
			children = (
				1113F0142351659E00FE503B /* Shared.framework */,
			);
			name = Frameworks;
			sourceTree = "<group>";
		};
/* End PBXGroup section */

/* Begin PBXNativeTarget section */
		1113EFDF2351648400FE503B /* KMPApp */ = {
			isa = PBXNativeTarget;
			buildConfigurationList = 1113F00A2351648700FE503B /* Build configuration list for PBXNativeTarget "KMPApp" */;
			buildPhases = (
				1113F01B2351662200FE503B /* ShellScript */,
				1113EFDC2351648400FE503B /* Sources */,
				1113EFDD2351648400FE503B /* Frameworks */,
				1113EFDE2351648400FE503B /* Resources */,
				1113F01A235165C000FE503B /* Embed Frameworks */,
			);
			buildRules = (
			);
			dependencies = (
			);
			name = KMPApp;
			productName = KMPApp;
			productReference = 1113EFE02351648400FE503B /* KMPApp.app */;
			productType = "com.apple.product-type.application";
		};
		1113EFF52351648700FE503B /* KMPAppTests */ = {
			isa = PBXNativeTarget;
			buildConfigurationList = 1113F00D2351648700FE503B /* Build configuration list for PBXNativeTarget "KMPAppTests" */;
			buildPhases = (
				1113EFF22351648700FE503B /* Sources */,
				1113EFF32351648700FE503B /* Frameworks */,
				1113EFF42351648700FE503B /* Resources */,
			);
			buildRules = (
			);
			dependencies = (
				1113EFF82351648700FE503B /* PBXTargetDependency */,
			);
			name = KMPAppTests;
			productName = KMPAppTests;
			productReference = 1113EFF62351648700FE503B /* KMPAppTests.xctest */;
			productType = "com.apple.product-type.bundle.unit-test";
		};
		1113F0002351648700FE503B /* KMPAppUITests */ = {
			isa = PBXNativeTarget;
			buildConfigurationList = 1113F0102351648700FE503B /* Build configuration list for PBXNativeTarget "KMPAppUITests" */;
			buildPhases = (
				1113EFFD2351648700FE503B /* Sources */,
				1113EFFE2351648700FE503B /* Frameworks */,
				1113EFFF2351648700FE503B /* Resources */,
			);
			buildRules = (
			);
			dependencies = (
				1113F0032351648700FE503B /* PBXTargetDependency */,
			);
			name = KMPAppUITests;
			productName = KMPAppUITests;
			productReference = 1113F0012351648700FE503B /* KMPAppUITests.xctest */;
			productType = "com.apple.product-type.bundle.ui-testing";
		};
/* End PBXNativeTarget section */

/* Begin PBXProject section */
		1113EFD82351648400FE503B /* Project object */ = {
			isa = PBXProject;
			attributes = {
				LastSwiftUpdateCheck = 1110;
				LastUpgradeCheck = 1110;
				ORGANIZATIONNAME = zakumi;
				TargetAttributes = {
					1113EFDF2351648400FE503B = {
						CreatedOnToolsVersion = 11.1;
					};
					1113EFF52351648700FE503B = {
						CreatedOnToolsVersion = 11.1;
						TestTargetID = 1113EFDF2351648400FE503B;
					};
					1113F0002351648700FE503B = {
						CreatedOnToolsVersion = 11.1;
						TestTargetID = 1113EFDF2351648400FE503B;
					};
				};
			};
			buildConfigurationList = 1113EFDB2351648400FE503B /* Build configuration list for PBXProject "KMPApp" */;
			compatibilityVersion = "Xcode 9.3";
			developmentRegion = en;
			hasScannedForEncodings = 0;
			knownRegions = (
				en,
				Base,
			);
			mainGroup = 1113EFD72351648400FE503B;
			productRefGroup = 1113EFE12351648400FE503B /* Products */;
			projectDirPath = "";
			projectRoot = "";
			targets = (
				1113EFDF2351648400FE503B /* KMPApp */,
				1113EFF52351648700FE503B /* KMPAppTests */,
				1113F0002351648700FE503B /* KMPAppUITests */,
			);
		};
/* End PBXProject section */

/* Begin PBXResourcesBuildPhase section */
		1113EFDE2351648400FE503B /* Resources */ = {
			isa = PBXResourcesBuildPhase;
			buildActionMask = 2147483647;
			files = (
				1113EFF02351648700FE503B /* LaunchScreen.storyboard in Resources */,
				1113EFED2351648700FE503B /* Assets.xcassets in Resources */,
				1113EFEB2351648400FE503B /* Main.storyboard in Resources */,
				117FE1A62352A03100B014D3 /* MemberTableViewCell.xib in Resources */,
			);
			runOnlyForDeploymentPostprocessing = 0;
		};
		1113EFF42351648700FE503B /* Resources */ = {
			isa = PBXResourcesBuildPhase;
			buildActionMask = 2147483647;
			files = (
			);
			runOnlyForDeploymentPostprocessing = 0;
		};
		1113EFFF2351648700FE503B /* Resources */ = {
			isa = PBXResourcesBuildPhase;
			buildActionMask = 2147483647;
			files = (
			);
			runOnlyForDeploymentPostprocessing = 0;
		};
/* End PBXResourcesBuildPhase section */

/* Begin PBXShellScriptBuildPhase section */
		1113F01B2351662200FE503B /* ShellScript */ = {
			isa = PBXShellScriptBuildPhase;
			buildActionMask = 2147483647;
			files = (
			);
			inputFileListPaths = (
			);
			inputPaths = (
			);
			outputFileListPaths = (
			);
			outputPaths = (
			);
			runOnlyForDeploymentPostprocessing = 0;
			shellPath = /bin/sh;
			shellScript = "cd \"$SRCROOT/../../shared/build/xcode-frameworks\"\n./gradlew :shared:packForXCode -PXCODE_CONFIGURATION=${CONFIGURATION}\n";
		};
/* End PBXShellScriptBuildPhase section */

/* Begin PBXSourcesBuildPhase section */
		1113EFDC2351648400FE503B /* Sources */ = {
			isa = PBXSourcesBuildPhase;
			buildActionMask = 2147483647;
			files = (
				117FE1A423529FFF00B014D3 /* MemberTableViewCell.swift in Sources */,
				1113EFE82351648400FE503B /* ViewController.swift in Sources */,
				1113EFE42351648400FE503B /* AppDelegate.swift in Sources */,
				1113EFE62351648400FE503B /* SceneDelegate.swift in Sources */,
				117FE1A223529E2000B014D3 /* MemberList.swift in Sources */,
			);
			runOnlyForDeploymentPostprocessing = 0;
		};
		1113EFF22351648700FE503B /* Sources */ = {
			isa = PBXSourcesBuildPhase;
			buildActionMask = 2147483647;
			files = (
				1113EFFB2351648700FE503B /* KMPAppTests.swift in Sources */,
			);
			runOnlyForDeploymentPostprocessing = 0;
		};
		1113EFFD2351648700FE503B /* Sources */ = {
			isa = PBXSourcesBuildPhase;
			buildActionMask = 2147483647;
			files = (
				1113F0062351648700FE503B /* KMPAppUITests.swift in Sources */,
			);
			runOnlyForDeploymentPostprocessing = 0;
		};
/* End PBXSourcesBuildPhase section */

/* Begin PBXTargetDependency section */
		1113EFF82351648700FE503B /* PBXTargetDependency */ = {
			isa = PBXTargetDependency;
			target = 1113EFDF2351648400FE503B /* KMPApp */;
			targetProxy = 1113EFF72351648700FE503B /* PBXContainerItemProxy */;
		};
		1113F0032351648700FE503B /* PBXTargetDependency */ = {
			isa = PBXTargetDependency;
			target = 1113EFDF2351648400FE503B /* KMPApp */;
			targetProxy = 1113F0022351648700FE503B /* PBXContainerItemProxy */;
		};
/* End PBXTargetDependency section */

/* Begin PBXVariantGroup section */
		1113EFE92351648400FE503B /* Main.storyboard */ = {
			isa = PBXVariantGroup;
			children = (
				1113EFEA2351648400FE503B /* Base */,
			);
			name = Main.storyboard;
			sourceTree = "<group>";
		};
		1113EFEE2351648700FE503B /* LaunchScreen.storyboard */ = {
			isa = PBXVariantGroup;
			children = (
				1113EFEF2351648700FE503B /* Base */,
			);
			name = LaunchScreen.storyboard;
			sourceTree = "<group>";
		};
/* End PBXVariantGroup section */

/* Begin XCBuildConfiguration section */
		1113F0082351648700FE503B /* Debug */ = {
			isa = XCBuildConfiguration;
			buildSettings = {
				ALWAYS_SEARCH_USER_PATHS = NO;
				CLANG_ANALYZER_NONNULL = YES;
				CLANG_ANALYZER_NUMBER_OBJECT_CONVERSION = YES_AGGRESSIVE;
				CLANG_CXX_LANGUAGE_STANDARD = "gnu++14";
				CLANG_CXX_LIBRARY = "libc++";
				CLANG_ENABLE_MODULES = YES;
				CLANG_ENABLE_OBJC_ARC = YES;
				CLANG_ENABLE_OBJC_WEAK = YES;
				CLANG_WARN_BLOCK_CAPTURE_AUTORELEASING = YES;
				CLANG_WARN_BOOL_CONVERSION = YES;
				CLANG_WARN_COMMA = YES;
				CLANG_WARN_CONSTANT_CONVERSION = YES;
				CLANG_WARN_DEPRECATED_OBJC_IMPLEMENTATIONS = YES;
				CLANG_WARN_DIRECT_OBJC_ISA_USAGE = YES_ERROR;
				CLANG_WARN_DOCUMENTATION_COMMENTS = YES;
				CLANG_WARN_EMPTY_BODY = YES;
				CLANG_WARN_ENUM_CONVERSION = YES;
				CLANG_WARN_INFINITE_RECURSION = YES;
				CLANG_WARN_INT_CONVERSION = YES;
				CLANG_WARN_NON_LITERAL_NULL_CONVERSION = YES;
				CLANG_WARN_OBJC_IMPLICIT_RETAIN_SELF = YES;
				CLANG_WARN_OBJC_LITERAL_CONVERSION = YES;
				CLANG_WARN_OBJC_ROOT_CLASS = YES_ERROR;
				CLANG_WARN_RANGE_LOOP_ANALYSIS = YES;
				CLANG_WARN_STRICT_PROTOTYPES = YES;
				CLANG_WARN_SUSPICIOUS_MOVE = YES;
				CLANG_WARN_UNGUARDED_AVAILABILITY = YES_AGGRESSIVE;
				CLANG_WARN_UNREACHABLE_CODE = YES;
				CLANG_WARN__DUPLICATE_METHOD_MATCH = YES;
				COPY_PHASE_STRIP = NO;
				DEBUG_INFORMATION_FORMAT = dwarf;
				ENABLE_STRICT_OBJC_MSGSEND = YES;
				ENABLE_TESTABILITY = YES;
				GCC_C_LANGUAGE_STANDARD = gnu11;
				GCC_DYNAMIC_NO_PIC = NO;
				GCC_NO_COMMON_BLOCKS = YES;
				GCC_OPTIMIZATION_LEVEL = 0;
				GCC_PREPROCESSOR_DEFINITIONS = (
					"DEBUG=1",
					"$(inherited)",
				);
				GCC_WARN_64_TO_32_BIT_CONVERSION = YES;
				GCC_WARN_ABOUT_RETURN_TYPE = YES_ERROR;
				GCC_WARN_UNDECLARED_SELECTOR = YES;
				GCC_WARN_UNINITIALIZED_AUTOS = YES_AGGRESSIVE;
				GCC_WARN_UNUSED_FUNCTION = YES;
				GCC_WARN_UNUSED_VARIABLE = YES;
				IPHONEOS_DEPLOYMENT_TARGET = 13.1;
				MTL_ENABLE_DEBUG_INFO = INCLUDE_SOURCE;
				MTL_FAST_MATH = YES;
				ONLY_ACTIVE_ARCH = YES;
				SDKROOT = iphoneos;
				SWIFT_ACTIVE_COMPILATION_CONDITIONS = DEBUG;
				SWIFT_OPTIMIZATION_LEVEL = "-Onone";
			};
			name = Debug;
		};
		1113F0092351648700FE503B /* Release */ = {
			isa = XCBuildConfiguration;
			buildSettings = {
				ALWAYS_SEARCH_USER_PATHS = NO;
				CLANG_ANALYZER_NONNULL = YES;
				CLANG_ANALYZER_NUMBER_OBJECT_CONVERSION = YES_AGGRESSIVE;
				CLANG_CXX_LANGUAGE_STANDARD = "gnu++14";
				CLANG_CXX_LIBRARY = "libc++";
				CLANG_ENABLE_MODULES = YES;
				CLANG_ENABLE_OBJC_ARC = YES;
				CLANG_ENABLE_OBJC_WEAK = YES;
				CLANG_WARN_BLOCK_CAPTURE_AUTORELEASING = YES;
				CLANG_WARN_BOOL_CONVERSION = YES;
				CLANG_WARN_COMMA = YES;
				CLANG_WARN_CONSTANT_CONVERSION = YES;
				CLANG_WARN_DEPRECATED_OBJC_IMPLEMENTATIONS = YES;
				CLANG_WARN_DIRECT_OBJC_ISA_USAGE = YES_ERROR;
				CLANG_WARN_DOCUMENTATION_COMMENTS = YES;
				CLANG_WARN_EMPTY_BODY = YES;
				CLANG_WARN_ENUM_CONVERSION = YES;
				CLANG_WARN_INFINITE_RECURSION = YES;
				CLANG_WARN_INT_CONVERSION = YES;
				CLANG_WARN_NON_LITERAL_NULL_CONVERSION = YES;
				CLANG_WARN_OBJC_IMPLICIT_RETAIN_SELF = YES;
				CLANG_WARN_OBJC_LITERAL_CONVERSION = YES;
				CLANG_WARN_OBJC_ROOT_CLASS = YES_ERROR;
				CLANG_WARN_RANGE_LOOP_ANALYSIS = YES;
				CLANG_WARN_STRICT_PROTOTYPES = YES;
				CLANG_WARN_SUSPICIOUS_MOVE = YES;
				CLANG_WARN_UNGUARDED_AVAILABILITY = YES_AGGRESSIVE;
				CLANG_WARN_UNREACHABLE_CODE = YES;
				CLANG_WARN__DUPLICATE_METHOD_MATCH = YES;
				COPY_PHASE_STRIP = NO;
				DEBUG_INFORMATION_FORMAT = "dwarf-with-dsym";
				ENABLE_NS_ASSERTIONS = NO;
				ENABLE_STRICT_OBJC_MSGSEND = YES;
				GCC_C_LANGUAGE_STANDARD = gnu11;
				GCC_NO_COMMON_BLOCKS = YES;
				GCC_WARN_64_TO_32_BIT_CONVERSION = YES;
				GCC_WARN_ABOUT_RETURN_TYPE = YES_ERROR;
				GCC_WARN_UNDECLARED_SELECTOR = YES;
				GCC_WARN_UNINITIALIZED_AUTOS = YES_AGGRESSIVE;
				GCC_WARN_UNUSED_FUNCTION = YES;
				GCC_WARN_UNUSED_VARIABLE = YES;
				IPHONEOS_DEPLOYMENT_TARGET = 13.1;
				MTL_ENABLE_DEBUG_INFO = NO;
				MTL_FAST_MATH = YES;
				SDKROOT = iphoneos;
				SWIFT_COMPILATION_MODE = wholemodule;
				SWIFT_OPTIMIZATION_LEVEL = "-O";
				VALIDATE_PRODUCT = YES;
			};
			name = Release;
		};
		1113F00B2351648700FE503B /* Debug */ = {
			isa = XCBuildConfiguration;
			buildSettings = {
				ASSETCATALOG_COMPILER_APPICON_NAME = AppIcon;
				CODE_SIGN_STYLE = Automatic;
				DEVELOPMENT_TEAM = A6BYR7ECY6;
				ENABLE_BITCODE = NO;
				FRAMEWORK_SEARCH_PATHS = "$(SRCROOT)/../../shared/build/xcode-frameworks";
				INFOPLIST_FILE = KMPApp/Info.plist;
				LD_RUNPATH_SEARCH_PATHS = (
					"$(inherited)",
					"@executable_path/Frameworks",
				);
				PRODUCT_BUNDLE_IDENTIFIER = com.zakumi.KMPApp;
				PRODUCT_NAME = "$(TARGET_NAME)";
				SWIFT_VERSION = 5.0;
				TARGETED_DEVICE_FAMILY = "1,2";
			};
			name = Debug;
		};
		1113F00C2351648700FE503B /* Release */ = {
			isa = XCBuildConfiguration;
			buildSettings = {
				ASSETCATALOG_COMPILER_APPICON_NAME = AppIcon;
				CODE_SIGN_STYLE = Automatic;
				DEVELOPMENT_TEAM = A6BYR7ECY6;
				ENABLE_BITCODE = NO;
				FRAMEWORK_SEARCH_PATHS = "$(SRCROOT)/../../shared/build/xcode-frameworks";
				INFOPLIST_FILE = KMPApp/Info.plist;
				LD_RUNPATH_SEARCH_PATHS = (
					"$(inherited)",
					"@executable_path/Frameworks",
				);
				PRODUCT_BUNDLE_IDENTIFIER = com.zakumi.KMPApp;
				PRODUCT_NAME = "$(TARGET_NAME)";
				SWIFT_VERSION = 5.0;
				TARGETED_DEVICE_FAMILY = "1,2";
			};
			name = Release;
		};
		1113F00E2351648700FE503B /* Debug */ = {
			isa = XCBuildConfiguration;
			buildSettings = {
				ALWAYS_EMBED_SWIFT_STANDARD_LIBRARIES = YES;
				BUNDLE_LOADER = "$(TEST_HOST)";
				CODE_SIGN_STYLE = Automatic;
				DEVELOPMENT_TEAM = A6BYR7ECY6;
				INFOPLIST_FILE = KMPAppTests/Info.plist;
				IPHONEOS_DEPLOYMENT_TARGET = 13.1;
				LD_RUNPATH_SEARCH_PATHS = (
					"$(inherited)",
					"@executable_path/Frameworks",
					"@loader_path/Frameworks",
				);
				PRODUCT_BUNDLE_IDENTIFIER = com.zakumi.KMPAppTests;
				PRODUCT_NAME = "$(TARGET_NAME)";
				SWIFT_VERSION = 5.0;
				TARGETED_DEVICE_FAMILY = "1,2";
				TEST_HOST = "$(BUILT_PRODUCTS_DIR)/KMPApp.app/KMPApp";
			};
			name = Debug;
		};
		1113F00F2351648700FE503B /* Release */ = {
			isa = XCBuildConfiguration;
			buildSettings = {
				ALWAYS_EMBED_SWIFT_STANDARD_LIBRARIES = YES;
				BUNDLE_LOADER = "$(TEST_HOST)";
				CODE_SIGN_STYLE = Automatic;
				DEVELOPMENT_TEAM = A6BYR7ECY6;
				INFOPLIST_FILE = KMPAppTests/Info.plist;
				IPHONEOS_DEPLOYMENT_TARGET = 13.1;
				LD_RUNPATH_SEARCH_PATHS = (
					"$(inherited)",
					"@executable_path/Frameworks",
					"@loader_path/Frameworks",
				);
				PRODUCT_BUNDLE_IDENTIFIER = com.zakumi.KMPAppTests;
				PRODUCT_NAME = "$(TARGET_NAME)";
				SWIFT_VERSION = 5.0;
				TARGETED_DEVICE_FAMILY = "1,2";
				TEST_HOST = "$(BUILT_PRODUCTS_DIR)/KMPApp.app/KMPApp";
			};
			name = Release;
		};
		1113F0112351648700FE503B /* Debug */ = {
			isa = XCBuildConfiguration;
			buildSettings = {
				ALWAYS_EMBED_SWIFT_STANDARD_LIBRARIES = YES;
				CODE_SIGN_STYLE = Automatic;
				DEVELOPMENT_TEAM = A6BYR7ECY6;
				INFOPLIST_FILE = KMPAppUITests/Info.plist;
				LD_RUNPATH_SEARCH_PATHS = (
					"$(inherited)",
					"@executable_path/Frameworks",
					"@loader_path/Frameworks",
				);
				PRODUCT_BUNDLE_IDENTIFIER = com.zakumi.KMPAppUITests;
				PRODUCT_NAME = "$(TARGET_NAME)";
				SWIFT_VERSION = 5.0;
				TARGETED_DEVICE_FAMILY = "1,2";
				TEST_TARGET_NAME = KMPApp;
			};
			name = Debug;
		};
		1113F0122351648700FE503B /* Release */ = {
			isa = XCBuildConfiguration;
			buildSettings = {
				ALWAYS_EMBED_SWIFT_STANDARD_LIBRARIES = YES;
				CODE_SIGN_STYLE = Automatic;
				DEVELOPMENT_TEAM = A6BYR7ECY6;
				INFOPLIST_FILE = KMPAppUITests/Info.plist;
				LD_RUNPATH_SEARCH_PATHS = (
					"$(inherited)",
					"@executable_path/Frameworks",
					"@loader_path/Frameworks",
				);
				PRODUCT_BUNDLE_IDENTIFIER = com.zakumi.KMPAppUITests;
				PRODUCT_NAME = "$(TARGET_NAME)";
				SWIFT_VERSION = 5.0;
				TARGETED_DEVICE_FAMILY = "1,2";
				TEST_TARGET_NAME = KMPApp;
			};
			name = Release;
		};
/* End XCBuildConfiguration section */

/* Begin XCConfigurationList section */
		1113EFDB2351648400FE503B /* Build configuration list for PBXProject "KMPApp" */ = {
			isa = XCConfigurationList;
			buildConfigurations = (
				1113F0082351648700FE503B /* Debug */,
				1113F0092351648700FE503B /* Release */,
			);
			defaultConfigurationIsVisible = 0;
			defaultConfigurationName = Release;
		};
		1113F00A2351648700FE503B /* Build configuration list for PBXNativeTarget "KMPApp" */ = {
			isa = XCConfigurationList;
			buildConfigurations = (
				1113F00B2351648700FE503B /* Debug */,
				1113F00C2351648700FE503B /* Release */,
			);
			defaultConfigurationIsVisible = 0;
			defaultConfigurationName = Release;
		};
		1113F00D2351648700FE503B /* Build configuration list for PBXNativeTarget "KMPAppTests" */ = {
			isa = XCConfigurationList;
			buildConfigurations = (
				1113F00E2351648700FE503B /* Debug */,
				1113F00F2351648700FE503B /* Release */,
			);
			defaultConfigurationIsVisible = 0;
			defaultConfigurationName = Release;
		};
		1113F0102351648700FE503B /* Build configuration list for PBXNativeTarget "KMPAppUITests" */ = {
			isa = XCConfigurationList;
			buildConfigurations = (
				1113F0112351648700FE503B /* Debug */,
				1113F0122351648700FE503B /* Release */,
			);
			defaultConfigurationIsVisible = 0;
			defaultConfigurationName = Release;
		};
/* End XCConfigurationList section */
	};
	rootObject = 1113EFD82351648400FE503B /* Project object */;
}
